
Microsoft Visual Studio Solution File, Format Version 12.00
# Visual Studio Version 17
VisualStudioVersion = 17.10.35013.160
MinimumVisualStudioVersion = 10.0.40219.1
Project("{FAE04EC0-301F-11D3-BF4B-00C04F79EFBC}") = "DanceSchool", "DanceSchool\DanceSchool.csproj", "{62362DE5-0BF7-44E1-8AA0-E7CE4637AA16}"
EndProject
Project("{FAE04EC0-301F-11D3-BF4B-00C04F79EFBC}") = "DanceSchool.Tests", "DanceSchool.Tests\DanceSchool.Tests.csproj", "{728D5532-93D3-4D5E-8812-4500F662140F}"
EndProject
Global
	GlobalSection(SolutionConfigurationPlatforms) = preSolution
		Debug|Any CPU = Debug|Any CPU
		Release|Any CPU = Release|Any CPU
	EndGlobalSection
	GlobalSection(ProjectConfigurationPlatforms) = postSolution
		{62362DE5-0BF7-44E1-8AA0-E7CE4637AA16}.Debug|Any CPU.ActiveCfg = Debug|Any CPU
		{62362DE5-0BF7-44E1-8AA0-E7CE4637AA16}.Debug|Any CPU.Build.0 = Debug|Any CPU
		{62362DE5-0BF7-44E1-8AA0-E7CE4637AA16}.Release|Any CPU.ActiveCfg = Release|Any CPU
		{62362DE5-0BF7-44E1-8AA0-E7CE4637AA16}.Release|Any CPU.Build.0 = Release|Any CPU
		{728D5532-93D3-4D5E-8812-4500F662140F}.Debug|Any CPU.ActiveCfg = Debug|Any CPU
		{728D5532-93D3-4D5E-8812-4500F662140F}.Debug|Any CPU.Build.0 = Debug|Any CPU
		{728D5532-93D3-4D5E-8812-4500F662140F}.Release|Any CPU.ActiveCfg = Release|Any CPU
		{728D5532-93D3-4D5E-8812-4500F662140F}.Release|Any CPU.Build.0 = Release|Any CPU
	EndGlobalSection
	GlobalSection(SolutionProperties) = preSolution
		HideSolutionNode = FALSE
	EndGlobalSection
	GlobalSection(ExtensibilityGlobals) = postSolution
		SolutionGuid = {D4379FFF-B0D4-4E41-B716-09AF95AC9478}
	EndGlobalSection
EndGlobal
